// !$*UTF8*$!
{
	archiveVersion = 1;
	classes = {
	};
	objectVersion = 77;
	objects = {

/* Begin PBXBuildFile section */
		BA0A723D2FCEBA1A00F08C06 /* Defaults in Frameworks */ = {isa = PBXBuildFile; productRef = BA0A723C2FCEBA1A00F08C06 /* Defaults */; };
		BA0A72422FCEBA4F00F08C06 /* InMemoryLogging in Frameworks */ = {isa = PBXBuildFile; productRef = BA0A72412FCEBA4F00F08C06 /* InMemoryLogging */; };
		BA0A72442FCEBA4F00F08C06 /* Logging in Frameworks */ = {isa = PBXBuildFile; productRef = BA0A72432FCEBA4F00F08C06 /* Logging */; };
		BA0A72472FCEBA7600F08C06 /* KeyboardShortcuts in Frameworks */ = {isa = PBXBuildFile; productRef = BA0A72462FCEBA7600F08C06 /* KeyboardShortcuts */; };
/* End PBXBuildFile section */

/* Begin PBXContainerItemProxy section */
		BA0A708C2FCD694E00F08C06 /* PBXContainerItemProxy */ = {
			isa = PBXContainerItemProxy;
			containerPortal = BA0A70762FCD694B00F08C06 /* Project object */;
			proxyType = 1;
			remoteGlobalIDString = BA0A707D2FCD694B00F08C06;
			remoteInfo = perch;
		};
		BA0A70962FCD694E00F08C06 /* PBXContainerItemProxy */ = {
			isa = PBXContainerItemProxy;
			containerPortal = BA0A70762FCD694B00F08C06 /* Project object */;
			proxyType = 1;
			remoteGlobalIDString = BA0A707D2FCD694B00F08C06;
			remoteInfo = perch;
		};
/* End PBXContainerItemProxy section */

/* Begin PBXFileReference section */
		BA0A707E2FCD694B00F08C06 /* perch.app */ = {isa = PBXFileReference; explicitFileType = wrapper.application; includeInIndex = 0; path = perch.app; sourceTree = BUILT_PRODUCTS_DIR; };
		BA0A708B2FCD694E00F08C06 /* perchTests.xctest */ = {isa = PBXFileReference; explicitFileType = wrapper.cfbundle; includeInIndex = 0; path = perchTests.xctest; sourceTree = BUILT_PRODUCTS_DIR; };
		BA0A70952FCD694E00F08C06 /* perchUITests.xctest */ = {isa = PBXFileReference; explicitFileType = wrapper.cfbundle; includeInIndex = 0; path = perchUITests.xctest; sourceTree = BUILT_PRODUCTS_DIR; };
/* End PBXFileReference section */

/* Begin PBXFileSystemSynchronizedRootGroup section */
		BA0A70802FCD694B00F08C06 /* perch */ = {
			isa = PBXFileSystemSynchronizedRootGroup;
			path = perch;
			sourceTree = "<group>";
		};
		BA0A708E2FCD694E00F08C06 /* perchTests */ = {
			isa = PBXFileSystemSynchronizedRootGroup;
			path = perchTests;
			sourceTree = "<group>";
		};
		BA0A70982FCD694E00F08C06 /* perchUITests */ = {
			isa = PBXFileSystemSynchronizedRootGroup;
			path = perchUITests;
			sourceTree = "<group>";
		};
/* End PBXFileSystemSynchronizedRootGroup section */

/* Begin PBXFrameworksBuildPhase section */
		BA0A707B2FCD694B00F08C06 /* Frameworks */ = {
			isa = PBXFrameworksBuildPhase;
			buildActionMask = 2147483647;
			files = (
				BA0A723D2FCEBA1A00F08C06 /* Defaults in Frameworks */,
				BA0A72422FCEBA4F00F08C06 /* InMemoryLogging in Frameworks */,
				BA0A72472FCEBA7600F08C06 /* KeyboardShortcuts in Frameworks */,
				BA0A72442FCEBA4F00F08C06 /* Logging in Frameworks */,
			);
			runOnlyForDeploymentPostprocessing = 0;
		};
		BA0A70882FCD694E00F08C06 /* Frameworks */ = {
			isa = PBXFrameworksBuildPhase;
			buildActionMask = 2147483647;
			files = (
			);
			runOnlyForDeploymentPostprocessing = 0;
		};
		BA0A70922FCD694E00F08C06 /* Frameworks */ = {
			isa = PBXFrameworksBuildPhase;
			buildActionMask = 2147483647;
			files = (
			);
			runOnlyForDeploymentPostprocessing = 0;
		};
/* End PBXFrameworksBuildPhase section */

/* Begin PBXGroup section */
		BA0A70752FCD694B00F08C06 = {
			isa = PBXGroup;
			children = (
				BA0A70802FCD694B00F08C06 /* perch */,
				BA0A708E2FCD694E00F08C06 /* perchTests */,
				BA0A70982FCD694E00F08C06 /* perchUITests */,
				BA0A707F2FCD694B00F08C06 /* Products */,
			);
			sourceTree = "<group>";
		};
		BA0A707F2FCD694B00F08C06 /* Products */ = {
			isa = PBXGroup;
			children = (
				BA0A707E2FCD694B00F08C06 /* perch.app */,
				BA0A708B2FCD694E00F08C06 /* perchTests.xctest */,
				BA0A70952FCD694E00F08C06 /* perchUITests.xctest */,
			);
			name = Products;
			sourceTree = "<group>";
		};
/* End PBXGroup section */

/* Begin PBXNativeTarget section */
		BA0A707D2FCD694B00F08C06 /* perch */ = {
			isa = PBXNativeTarget;
			buildConfigurationList = BA0A709F2FCD694E00F08C06 /* Build configuration list for PBXNativeTarget "perch" */;
			buildPhases = (
				BA0A707A2FCD694B00F08C06 /* Sources */,
				BA0A707B2FCD694B00F08C06 /* Frameworks */,
				BA0A707C2FCD694B00F08C06 /* Resources */,
			);
			buildRules = (
			);
			dependencies = (
			);
			fileSystemSynchronizedGroups = (
				BA0A70802FCD694B00F08C06 /* perch */,
			);
			name = perch;
			packageProductDependencies = (
				BA0A723C2FCEBA1A00F08C06 /* Defaults */,
				BA0A72412FCEBA4F00F08C06 /* InMemoryLogging */,
				BA0A72432FCEBA4F00F08C06 /* Logging */,
				BA0A72462FCEBA7600F08C06 /* KeyboardShortcuts */,
			);
			productName = perch;
			productReference = BA0A707E2FCD694B00F08C06 /* perch.app */;
			productType = "com.apple.product-type.application";
		};
		BA0A708A2FCD694E00F08C06 /* perchTests */ = {
			isa = PBXNativeTarget;
			buildConfigurationList = BA0A70A22FCD694E00F08C06 /* Build configuration list for PBXNativeTarget "perchTests" */;
			buildPhases = (
				BA0A70872FCD694E00F08C06 /* Sources */,
				BA0A70882FCD694E00F08C06 /* Frameworks */,
				BA0A70892FCD694E00F08C06 /* Resources */,
			);
			buildRules = (
			);
			dependencies = (
				BA0A708D2FCD694E00F08C06 /* PBXTargetDependency */,
			);
			fileSystemSynchronizedGroups = (
				BA0A708E2FCD694E00F08C06 /* perchTests */,
			);
			name = perchTests;
			packageProductDependencies = (
			);
			productName = perchTests;
			productReference = BA0A708B2FCD694E00F08C06 /* perchTests.xctest */;
			productType = "com.apple.product-type.bundle.unit-test";
		};
		BA0A70942FCD694E00F08C06 /* perchUITests */ = {
			isa = PBXNativeTarget;
			buildConfigurationList = BA0A70A52FCD694E00F08C06 /* Build configuration list for PBXNativeTarget "perchUITests" */;
			buildPhases = (
				BA0A70912FCD694E00F08C06 /* Sources */,
				BA0A70922FCD694E00F08C06 /* Frameworks */,
				BA0A70932FCD694E00F08C06 /* Resources */,
			);
			buildRules = (
			);
			dependencies = (
				BA0A70972FCD694E00F08C06 /* PBXTargetDependency */,
			);
			fileSystemSynchronizedGroups = (
				BA0A70982FCD694E00F08C06 /* perchUITests */,
			);
			name = perchUITests;
			packageProductDependencies = (
			);
			productName = perchUITests;
			productReference = BA0A70952FCD694E00F08C06 /* perchUITests.xctest */;
			productType = "com.apple.product-type.bundle.ui-testing";
		};
/* End PBXNativeTarget section */

/* Begin PBXProject section */
		BA0A70762FCD694B00F08C06 /* Project object */ = {
			isa = PBXProject;
			attributes = {
				BuildIndependentTargetsInParallel = 1;
				LastSwiftUpdateCheck = 2630;
				LastUpgradeCheck = 2630;
				TargetAttributes = {
					BA0A707D2FCD694B00F08C06 = {
						CreatedOnToolsVersion = 26.3;
					};
					BA0A708A2FCD694E00F08C06 = {
						CreatedOnToolsVersion = 26.3;
						TestTargetID = BA0A707D2FCD694B00F08C06;
					};
					BA0A70942FCD694E00F08C06 = {
						CreatedOnToolsVersion = 26.3;
						TestTargetID = BA0A707D2FCD694B00F08C06;
					};
				};
			};
			buildConfigurationList = BA0A70792FCD694B00F08C06 /* Build configuration list for PBXProject "perch" */;
			developmentRegion = en;
			hasScannedForEncodings = 0;
			knownRegions = (
				en,
				Base,
				ja,
			);
			mainGroup = BA0A70752FCD694B00F08C06;
			minimizedProjectReferenceProxies = 1;
			packageReferences = (
				BA0A723B2FCEBA1A00F08C06 /* XCRemoteSwiftPackageReference "Defaults" */,
				BA0A72402FCEBA4F00F08C06 /* XCRemoteSwiftPackageReference "swift-log" */,
				BA0A72452FCEBA7600F08C06 /* XCRemoteSwiftPackageReference "KeyboardShortcuts" */,
			);
			preferredProjectObjectVersion = 77;
			productRefGroup = BA0A707F2FCD694B00F08C06 /* Products */;
			projectDirPath = "";
			projectRoot = "";
			targets = (
				BA0A707D2FCD694B00F08C06 /* perch */,
				BA0A708A2FCD694E00F08C06 /* perchTests */,
				BA0A70942FCD694E00F08C06 /* perchUITests */,
			);
		};
/* End PBXProject section */

/* Begin PBXResourcesBuildPhase section */
		BA0A707C2FCD694B00F08C06 /* Resources */ = {
			isa = PBXResourcesBuildPhase;
			buildActionMask = 2147483647;
			files = (
			);
			runOnlyForDeploymentPostprocessing = 0;
		};
		BA0A70892FCD694E00F08C06 /* Resources */ = {
			isa = PBXResourcesBuildPhase;
			buildActionMask = 2147483647;
			files = (
			);
			runOnlyForDeploymentPostprocessing = 0;
		};
		BA0A70932FCD694E00F08C06 /* Resources */ = {
			isa = PBXResourcesBuildPhase;
			buildActionMask = 2147483647;
			files = (
			);
			runOnlyForDeploymentPostprocessing = 0;
		};
/* End PBXResourcesBuildPhase section */

/* Begin PBXSourcesBuildPhase section */
		BA0A707A2FCD694B00F08C06 /* Sources */ = {
			isa = PBXSourcesBuildPhase;
			buildActionMask = 2147483647;
			files = (
			);
			runOnlyForDeploymentPostprocessing = 0;
		};
		BA0A70872FCD694E00F08C06 /* Sources */ = {
			isa = PBXSourcesBuildPhase;
			buildActionMask = 2147483647;
			files = (
			);
			runOnlyForDeploymentPostprocessing = 0;
		};
		BA0A70912FCD694E00F08C06 /* Sources */ = {
			isa = PBXSourcesBuildPhase;
			buildActionMask = 2147483647;
			files = (
			);
			runOnlyForDeploymentPostprocessing = 0;
		};
/* End PBXSourcesBuildPhase section */

/* Begin PBXTargetDependency section */
		BA0A708D2FCD694E00F08C06 /* PBXTargetDependency */ = {
			isa = PBXTargetDependency;
			target = BA0A707D2FCD694B00F08C06 /* perch */;
			targetProxy = BA0A708C2FCD694E00F08C06 /* PBXContainerItemProxy */;
		};
		BA0A70972FCD694E00F08C06 /* PBXTargetDependency */ = {
			isa = PBXTargetDependency;
			target = BA0A707D2FCD694B00F08C06 /* perch */;
			targetProxy = BA0A70962FCD694E00F08C06 /* PBXContainerItemProxy */;
		};
/* End PBXTargetDependency section */

/* Begin XCBuildConfiguration section */
		BA0A709D2FCD694E00F08C06 /* Debug */ = {
			isa = XCBuildConfiguration;
			buildSettings = {
				ALWAYS_SEARCH_USER_PATHS = NO;
				ASSETCATALOG_COMPILER_GENERATE_SWIFT_ASSET_SYMBOL_EXTENSIONS = YES;
				CLANG_ANALYZER_NONNULL = YES;
				CLANG_ANALYZER_NUMBER_OBJECT_CONVERSION = YES_AGGRESSIVE;
				CLANG_CXX_LANGUAGE_STANDARD = "gnu++20";
				CLANG_ENABLE_MODULES = YES;
				CLANG_ENABLE_OBJC_ARC = YES;
				CLANG_ENABLE_OBJC_WEAK = YES;
				CLANG_WARN_BLOCK_CAPTURE_AUTORELEASING = YES;
				CLANG_WARN_BOOL_CONVERSION = YES;
				CLANG_WARN_COMMA = YES;
				CLANG_WARN_CONSTANT_CONVERSION = YES;
				CLANG_WARN_DEPRECATED_OBJC_IMPLEMENTATIONS = YES;
				CLANG_WARN_DIRECT_OBJC_ISA_USAGE = YES_ERROR;
				CLANG_WARN_DOCUMENTATION_COMMENTS = YES;
				CLANG_WARN_EMPTY_BODY = YES;
				CLANG_WARN_ENUM_CONVERSION = YES;
				CLANG_WARN_INFINITE_RECURSION = YES;
				CLANG_WARN_INT_CONVERSION = YES;
				CLANG_WARN_NON_LITERAL_NULL_CONVERSION = YES;
				CLANG_WARN_OBJC_IMPLICIT_RETAIN_SELF = YES;
				CLANG_WARN_OBJC_LITERAL_CONVERSION = YES;
				CLANG_WARN_OBJC_ROOT_CLASS = YES_ERROR;
				CLANG_WARN_QUOTED_INCLUDE_IN_FRAMEWORK_HEADER = YES;
				CLANG_WARN_RANGE_LOOP_ANALYSIS = YES;
				CLANG_WARN_STRICT_PROTOTYPES = YES;
				CLANG_WARN_SUSPICIOUS_MOVE = YES;
				CLANG_WARN_UNGUARDED_AVAILABILITY = YES_AGGRESSIVE;
				CLANG_WARN_UNREACHABLE_CODE = YES;
				CLANG_WARN__DUPLICATE_METHOD_MATCH = YES;
				COPY_PHASE_STRIP = NO;
				DEBUG_INFORMATION_FORMAT = dwarf;
				DEVELOPMENT_TEAM = Q9CTDZWWR9;
				ENABLE_STRICT_OBJC_MSGSEND = YES;
				ENABLE_TESTABILITY = YES;
				ENABLE_USER_SCRIPT_SANDBOXING = YES;
				GCC_C_LANGUAGE_STANDARD = gnu17;
				GCC_DYNAMIC_NO_PIC = NO;
				GCC_NO_COMMON_BLOCKS = YES;
				GCC_OPTIMIZATION_LEVEL = 0;
				GCC_PREPROCESSOR_DEFINITIONS = (
					"DEBUG=1",
					"$(inherited)",
				);
				GCC_WARN_64_TO_32_BIT_CONVERSION = YES;
				GCC_WARN_ABOUT_RETURN_TYPE = YES_ERROR;
				GCC_WARN_UNDECLARED_SELECTOR = YES;
				GCC_WARN_UNINITIALIZED_AUTOS = YES_AGGRESSIVE;
				GCC_WARN_UNUSED_FUNCTION = YES;
				GCC_WARN_UNUSED_VARIABLE = YES;
				LOCALIZATION_PREFERS_STRING_CATALOGS = YES;
				MACOSX_DEPLOYMENT_TARGET = 14.0;
				MTL_ENABLE_DEBUG_INFO = INCLUDE_SOURCE;
				MTL_FAST_MATH = YES;
				ONLY_ACTIVE_ARCH = YES;
				SDKROOT = macosx;
				SWIFT_ACTIVE_COMPILATION_CONDITIONS = "DEBUG $(inherited)";
				SWIFT_OPTIMIZATION_LEVEL = "-Onone";
			};
			name = Debug;
		};
		BA0A709E2FCD694E00F08C06 /* Release */ = {
			isa = XCBuildConfiguration;
			buildSettings = {
				ALWAYS_SEARCH_USER_PATHS = NO;
				ASSETCATALOG_COMPILER_GENERATE_SWIFT_ASSET_SYMBOL_EXTENSIONS = YES;
				CLANG_ANALYZER_NONNULL = YES;
				CLANG_ANALYZER_NUMBER_OBJECT_CONVERSION = YES_AGGRESSIVE;
				CLANG_CXX_LANGUAGE_STANDARD = "gnu++20";
				CLANG_ENABLE_MODULES = YES;
				CLANG_ENABLE_OBJC_ARC = YES;
				CLANG_ENABLE_OBJC_WEAK = YES;
				CLANG_WARN_BLOCK_CAPTURE_AUTORELEASING = YES;
				CLANG_WARN_BOOL_CONVERSION = YES;
				CLANG_WARN_COMMA = YES;
				CLANG_WARN_CONSTANT_CONVERSION = YES;
				CLANG_WARN_DEPRECATED_OBJC_IMPLEMENTATIONS = YES;
				CLANG_WARN_DIRECT_OBJC_ISA_USAGE = YES_ERROR;
				CLANG_WARN_DOCUMENTATION_COMMENTS = YES;
				CLANG_WARN_EMPTY_BODY = YES;
				CLANG_WARN_ENUM_CONVERSION = YES;
				CLANG_WARN_INFINITE_RECURSION = YES;
				CLANG_WARN_INT_CONVERSION = YES;
				CLANG_WARN_NON_LITERAL_NULL_CONVERSION = YES;
				CLANG_WARN_OBJC_IMPLICIT_RETAIN_SELF = YES;
				CLANG_WARN_OBJC_LITERAL_CONVERSION = YES;
				CLANG_WARN_OBJC_ROOT_CLASS = YES_ERROR;
				CLANG_WARN_QUOTED_INCLUDE_IN_FRAMEWORK_HEADER = YES;
				CLANG_WARN_RANGE_LOOP_ANALYSIS = YES;
				CLANG_WARN_STRICT_PROTOTYPES = YES;
				CLANG_WARN_SUSPICIOUS_MOVE = YES;
				CLANG_WARN_UNGUARDED_AVAILABILITY = YES_AGGRESSIVE;
				CLANG_WARN_UNREACHABLE_CODE = YES;
				CLANG_WARN__DUPLICATE_METHOD_MATCH = YES;
				COPY_PHASE_STRIP = NO;
				DEBUG_INFORMATION_FORMAT = "dwarf-with-dsym";
				DEVELOPMENT_TEAM = Q9CTDZWWR9;
				ENABLE_NS_ASSERTIONS = NO;
				ENABLE_STRICT_OBJC_MSGSEND = YES;
				ENABLE_USER_SCRIPT_SANDBOXING = YES;
				GCC_C_LANGUAGE_STANDARD = gnu17;
				GCC_NO_COMMON_BLOCKS = YES;
				GCC_WARN_64_TO_32_BIT_CONVERSION = YES;
				GCC_WARN_ABOUT_RETURN_TYPE = YES_ERROR;
				GCC_WARN_UNDECLARED_SELECTOR = YES;
				GCC_WARN_UNINITIALIZED_AUTOS = YES_AGGRESSIVE;
				GCC_WARN_UNUSED_FUNCTION = YES;
				GCC_WARN_UNUSED_VARIABLE = YES;
				LOCALIZATION_PREFERS_STRING_CATALOGS = YES;
				MACOSX_DEPLOYMENT_TARGET = 14.0;
				MTL_ENABLE_DEBUG_INFO = NO;
				MTL_FAST_MATH = YES;
				SDKROOT = macosx;
				SWIFT_COMPILATION_MODE = wholemodule;
			};
			name = Release;
		};
		BA0A70A02FCD694E00F08C06 /* Debug */ = {
			isa = XCBuildConfiguration;
			buildSettings = {
				ASSETCATALOG_COMPILER_APPICON_NAME = AppIcon;
				ASSETCATALOG_COMPILER_GLOBAL_ACCENT_COLOR_NAME = AccentColor;
				CODE_SIGN_ENTITLEMENTS = perch/Resources/Perch.entitlements;
				CODE_SIGN_STYLE = Automatic;
				COMBINE_HIDPI_IMAGES = YES;
				CURRENT_PROJECT_VERSION = 1;
				DEVELOPMENT_TEAM = Q9CTDZWWR9;
				ENABLE_HARDENED_RUNTIME = YES;
				ENABLE_PREVIEWS = YES;
				EXCLUDED_SOURCE_FILE_NAMES = .gitkeep;
				GENERATE_INFOPLIST_FILE = NO;
				INFOPLIST_FILE = perch/Resources/Info.plist;
				LD_RUNPATH_SEARCH_PATHS = (
					"$(inherited)",
					"@executable_path/../Frameworks",
				);
				MARKETING_VERSION = 0.2.0;
				PRODUCT_BUNDLE_IDENTIFIER = com.tukuyomi032.perch;
				PRODUCT_NAME = "$(TARGET_NAME)";
				STRING_CATALOG_GENERATE_SYMBOLS = YES;
				SWIFT_APPROACHABLE_CONCURRENCY = YES;
				SWIFT_DEFAULT_ACTOR_ISOLATION = MainActor;
				SWIFT_EMIT_LOC_STRINGS = YES;
				SWIFT_UPCOMING_FEATURE_MEMBER_IMPORT_VISIBILITY = YES;
				SWIFT_VERSION = 6.0;
			};
			name = Debug;
		};
		BA0A70A12FCD694E00F08C06 /* Release */ = {
			isa = XCBuildConfiguration;
			buildSettings = {
				ASSETCATALOG_COMPILER_APPICON_NAME = AppIcon;
				ASSETCATALOG_COMPILER_GLOBAL_ACCENT_COLOR_NAME = AccentColor;
				CODE_SIGN_ENTITLEMENTS = perch/Resources/Perch.entitlements;
				CODE_SIGN_STYLE = Automatic;
				COMBINE_HIDPI_IMAGES = YES;
				CURRENT_PROJECT_VERSION = 1;
				DEVELOPMENT_TEAM = Q9CTDZWWR9;
				ENABLE_HARDENED_RUNTIME = YES;
				ENABLE_PREVIEWS = YES;
				EXCLUDED_SOURCE_FILE_NAMES = .gitkeep;
				GENERATE_INFOPLIST_FILE = NO;
				INFOPLIST_FILE = perch/Resources/Info.plist;
				LD_RUNPATH_SEARCH_PATHS = (
					"$(inherited)",
					"@executable_path/../Frameworks",
				);
				MARKETING_VERSION = 0.2.0;
				PRODUCT_BUNDLE_IDENTIFIER = com.tukuyomi032.perch;
				PRODUCT_NAME = "$(TARGET_NAME)";
				STRING_CATALOG_GENERATE_SYMBOLS = YES;
				SWIFT_APPROACHABLE_CONCURRENCY = YES;
				SWIFT_DEFAULT_ACTOR_ISOLATION = MainActor;
				SWIFT_EMIT_LOC_STRINGS = YES;
				SWIFT_UPCOMING_FEATURE_MEMBER_IMPORT_VISIBILITY = YES;
				SWIFT_VERSION = 6.0;
			};
			name = Release;
		};
		BA0A70A32FCD694E00F08C06 /* Debug */ = {
			isa = XCBuildConfiguration;
			buildSettings = {
				BUNDLE_LOADER = "$(TEST_HOST)";
				CODE_SIGN_STYLE = Automatic;
				CURRENT_PROJECT_VERSION = 1;
				DEVELOPMENT_TEAM = Q9CTDZWWR9;
				GENERATE_INFOPLIST_FILE = YES;
				MACOSX_DEPLOYMENT_TARGET = 14.0;
				MARKETING_VERSION = 0.2.0;
				PRODUCT_BUNDLE_IDENTIFIER = com.tukuyomi032.perchTests;
				PRODUCT_NAME = "$(TARGET_NAME)";
				STRING_CATALOG_GENERATE_SYMBOLS = NO;
				SWIFT_APPROACHABLE_CONCURRENCY = YES;
				SWIFT_EMIT_LOC_STRINGS = NO;
				SWIFT_UPCOMING_FEATURE_MEMBER_IMPORT_VISIBILITY = YES;
				SWIFT_VERSION = 6.0;
				TEST_HOST = "$(BUILT_PRODUCTS_DIR)/perch.app/$(BUNDLE_EXECUTABLE_FOLDER_PATH)/perch";
			};
			name = Debug;
		};
		BA0A70A42FCD694E00F08C06 /* Release */ = {
			isa = XCBuildConfiguration;
			buildSettings = {
				BUNDLE_LOADER = "$(TEST_HOST)";
				CODE_SIGN_STYLE = Automatic;
				CURRENT_PROJECT_VERSION = 1;
				DEVELOPMENT_TEAM = Q9CTDZWWR9;
				GENERATE_INFOPLIST_FILE = YES;
				MACOSX_DEPLOYMENT_TARGET = 14.0;
				MARKETING_VERSION = 0.2.0;
				PRODUCT_BUNDLE_IDENTIFIER = com.tukuyomi032.perchTests;
				PRODUCT_NAME = "$(TARGET_NAME)";
				STRING_CATALOG_GENERATE_SYMBOLS = NO;
				SWIFT_APPROACHABLE_CONCURRENCY = YES;
				SWIFT_EMIT_LOC_STRINGS = NO;
				SWIFT_UPCOMING_FEATURE_MEMBER_IMPORT_VISIBILITY = YES;
				SWIFT_VERSION = 6.0;
				TEST_HOST = "$(BUILT_PRODUCTS_DIR)/perch.app/$(BUNDLE_EXECUTABLE_FOLDER_PATH)/perch";
			};
			name = Release;
		};
		BA0A70A62FCD694E00F08C06 /* Debug */ = {
			isa = XCBuildConfiguration;
			buildSettings = {
				CODE_SIGN_STYLE = Automatic;
				CURRENT_PROJECT_VERSION = 1;
				DEVELOPMENT_TEAM = Q9CTDZWWR9;
				GENERATE_INFOPLIST_FILE = YES;
				MARKETING_VERSION = 0.2.0;
				PRODUCT_BUNDLE_IDENTIFIER = com.tukuyomi032.perchUITests;
				PRODUCT_NAME = "$(TARGET_NAME)";
				STRING_CATALOG_GENERATE_SYMBOLS = NO;
				SWIFT_APPROACHABLE_CONCURRENCY = YES;
				SWIFT_EMIT_LOC_STRINGS = NO;
				SWIFT_UPCOMING_FEATURE_MEMBER_IMPORT_VISIBILITY = YES;
				SWIFT_VERSION = 6.0;
				TEST_TARGET_NAME = perch;
			};
			name = Debug;
		};
		BA0A70A72FCD694E00F08C06 /* Release */ = {
			isa = XCBuildConfiguration;
			buildSettings = {
				CODE_SIGN_STYLE = Automatic;
				CURRENT_PROJECT_VERSION = 1;
				DEVELOPMENT_TEAM = Q9CTDZWWR9;
				GENERATE_INFOPLIST_FILE = YES;
				MARKETING_VERSION = 0.2.0;
				PRODUCT_BUNDLE_IDENTIFIER = com.tukuyomi032.perchUITests;
				PRODUCT_NAME = "$(TARGET_NAME)";
				STRING_CATALOG_GENERATE_SYMBOLS = NO;
				SWIFT_APPROACHABLE_CONCURRENCY = YES;
				SWIFT_EMIT_LOC_STRINGS = NO;
				SWIFT_UPCOMING_FEATURE_MEMBER_IMPORT_VISIBILITY = YES;
				SWIFT_VERSION = 6.0;
				TEST_TARGET_NAME = perch;
			};
			name = Release;
		};
/* End XCBuildConfiguration section */

/* Begin XCConfigurationList section */
		BA0A70792FCD694B00F08C06 /* Build configuration list for PBXProject "perch" */ = {
			isa = XCConfigurationList;
			buildConfigurations = (
				BA0A709D2FCD694E00F08C06 /* Debug */,
				BA0A709E2FCD694E00F08C06 /* Release */,
			);
			defaultConfigurationIsVisible = 0;
			defaultConfigurationName = Release;
		};
		BA0A709F2FCD694E00F08C06 /* Build configuration list for PBXNativeTarget "perch" */ = {
			isa = XCConfigurationList;
			buildConfigurations = (
				BA0A70A02FCD694E00F08C06 /* Debug */,
				BA0A70A12FCD694E00F08C06 /* Release */,
			);
			defaultConfigurationIsVisible = 0;
			defaultConfigurationName = Release;
		};
		BA0A70A22FCD694E00F08C06 /* Build configuration list for PBXNativeTarget "perchTests" */ = {
			isa = XCConfigurationList;
			buildConfigurations = (
				BA0A70A32FCD694E00F08C06 /* Debug */,
				BA0A70A42FCD694E00F08C06 /* Release */,
			);
			defaultConfigurationIsVisible = 0;
			defaultConfigurationName = Release;
		};
		BA0A70A52FCD694E00F08C06 /* Build configuration list for PBXNativeTarget "perchUITests" */ = {
			isa = XCConfigurationList;
			buildConfigurations = (
				BA0A70A62FCD694E00F08C06 /* Debug */,
				BA0A70A72FCD694E00F08C06 /* Release */,
			);
			defaultConfigurationIsVisible = 0;
			defaultConfigurationName = Release;
		};
/* End XCConfigurationList section */

/* Begin XCRemoteSwiftPackageReference section */
		BA0A723B2FCEBA1A00F08C06 /* XCRemoteSwiftPackageReference "Defaults" */ = {
			isa = XCRemoteSwiftPackageReference;
			repositoryURL = "https://github.com/sindresorhus/Defaults";
			requirement = {
				kind = upToNextMajorVersion;
				minimumVersion = 9.0.0;
			};
		};
		BA0A72402FCEBA4F00F08C06 /* XCRemoteSwiftPackageReference "swift-log" */ = {
			isa = XCRemoteSwiftPackageReference;
			repositoryURL = "https://github.com/apple/swift-log";
			requirement = {
				kind = upToNextMajorVersion;
				minimumVersion = 1.13.1;
			};
		};
		BA0A72452FCEBA7600F08C06 /* XCRemoteSwiftPackageReference "KeyboardShortcuts" */ = {
			isa = XCRemoteSwiftPackageReference;
			repositoryURL = "https://github.com/sindresorhus/KeyboardShortcuts";
			requirement = {
				kind = upToNextMajorVersion;
				minimumVersion = 2.4.0;
			};
		};
/* End XCRemoteSwiftPackageReference section */

/* Begin XCSwiftPackageProductDependency section */
		BA0A723C2FCEBA1A00F08C06 /* Defaults */ = {
			isa = XCSwiftPackageProductDependency;
			package = BA0A723B2FCEBA1A00F08C06 /* XCRemoteSwiftPackageReference "Defaults" */;
			productName = Defaults;
		};
		BA0A72412FCEBA4F00F08C06 /* InMemoryLogging */ = {
			isa = XCSwiftPackageProductDependency;
			package = BA0A72402FCEBA4F00F08C06 /* XCRemoteSwiftPackageReference "swift-log" */;
			productName = InMemoryLogging;
		};
		BA0A72432FCEBA4F00F08C06 /* Logging */ = {
			isa = XCSwiftPackageProductDependency;
			package = BA0A72402FCEBA4F00F08C06 /* XCRemoteSwiftPackageReference "swift-log" */;
			productName = Logging;
		};
		BA0A72462FCEBA7600F08C06 /* KeyboardShortcuts */ = {
			isa = XCSwiftPackageProductDependency;
			package = BA0A72452FCEBA7600F08C06 /* XCRemoteSwiftPackageReference "KeyboardShortcuts" */;
			productName = KeyboardShortcuts;
		};
/* End XCSwiftPackageProductDependency section */
	};
	rootObject = BA0A70762FCD694B00F08C06 /* Project object */;
}
